// !$*UTF8*$!
{
	archiveVersion = 1;
	classes = {
	};
	objectVersion = 77;
	objects = {

/* Begin PBXBuildFile section */
		7CE2A8A22DDA527E00E5BB1E /* .gitignore in Resources */ = {isa = PBXBuildFile; fileRef = 7CE2A8A12DDA527E00E5BB1E /* .gitignore */; };
/* End PBXBuildFile section */

/* Begin PBXContainerItemProxy section */
		7CE2A8852DDA523100E5BB1E /* PBXContainerItemProxy */ = {
			isa = PBXContainerItemProxy;
			containerPortal = 7CE2A86F2DDA522D00E5BB1E /* Project object */;
			proxyType = 1;
			remoteGlobalIDString = 7CE2A8762DDA522D00E5BB1E;
			remoteInfo = NumbersGenerator;
		};
		7CE2A88F2DDA523100E5BB1E /* PBXContainerItemProxy */ = {
			isa = PBXContainerItemProxy;
			containerPortal = 7CE2A86F2DDA522D00E5BB1E /* Project object */;
			proxyType = 1;
			remoteGlobalIDString = 7CE2A8762DDA522D00E5BB1E;
			remoteInfo = NumbersGenerator;
		};
/* End PBXContainerItemProxy section */

/* Begin PBXFileReference section */
		7CE2A8772DDA522D00E5BB1E /* NumbersGenerator.app */ = {isa = PBXFileReference; explicitFileType = wrapper.application; includeInIndex = 0; path = NumbersGenerator.app; sourceTree = BUILT_PRODUCTS_DIR; };
		7CE2A8842DDA523100E5BB1E /* NumbersGeneratorTests.xctest */ = {isa = PBXFileReference; explicitFileType = wrapper.cfbundle; includeInIndex = 0; path = NumbersGeneratorTests.xctest; sourceTree = BUILT_PRODUCTS_DIR; };
		7CE2A88E2DDA523100E5BB1E /* NumbersGeneratorUITests.xctest */ = {isa = PBXFileReference; explicitFileType = wrapper.cfbundle; includeInIndex = 0; path = NumbersGeneratorUITests.xctest; sourceTree = BUILT_PRODUCTS_DIR; };
		7CE2A8A12DDA527E00E5BB1E /* .gitignore */ = {isa = PBXFileReference; lastKnownFileType = text; path = .gitignore; sourceTree = "<group>"; };
/* End PBXFileReference section */

/* Begin PBXFileSystemSynchronizedRootGroup section */
		7CE2A8792DDA522D00E5BB1E /* NumbersGenerator */ = {
			isa = PBXFileSystemSynchronizedRootGroup;
			path = NumbersGenerator;
			sourceTree = "<group>";
		};
/* End PBXFileSystemSynchronizedRootGroup section */

/* Begin PBXFrameworksBuildPhase section */
		7CE2A8742DDA522D00E5BB1E /* Frameworks */ = {
			isa = PBXFrameworksBuildPhase;
			buildActionMask = 2147483647;
			files = (
			);
			runOnlyForDeploymentPostprocessing = 0;
		};
		7CE2A8812DDA523100E5BB1E /* Frameworks */ = {
			isa = PBXFrameworksBuildPhase;
			buildActionMask = 2147483647;
			files = (
			);
			runOnlyForDeploymentPostprocessing = 0;
		};
		7CE2A88B2DDA523100E5BB1E /* Frameworks */ = {
			isa = PBXFrameworksBuildPhase;
			buildActionMask = 2147483647;
			files = (
			);
			runOnlyForDeploymentPostprocessing = 0;
		};
/* End PBXFrameworksBuildPhase section */

/* Begin PBXGroup section */
		7CE2A86E2DDA522D00E5BB1E = {
			isa = PBXGroup;
			children = (
				7CE2A8A12DDA527E00E5BB1E /* .gitignore */,
				7CE2A8792DDA522D00E5BB1E /* NumbersGenerator */,
				7CE2A8782DDA522D00E5BB1E /* Products */,
			);
			sourceTree = "<group>";
		};
		7CE2A8782DDA522D00E5BB1E /* Products */ = {
			isa = PBXGroup;
			children = (
				7CE2A8772DDA522D00E5BB1E /* NumbersGenerator.app */,
				7CE2A8842DDA523100E5BB1E /* NumbersGeneratorTests.xctest */,
				7CE2A88E2DDA523100E5BB1E /* NumbersGeneratorUITests.xctest */,
			);
			name = Products;
			sourceTree = "<group>";
		};
/* End PBXGroup section */

/* Begin PBXNativeTarget section */
		7CE2A8762DDA522D00E5BB1E /* NumbersGenerator */ = {
			isa = PBXNativeTarget;
			buildConfigurationList = 7CE2A8982DDA523100E5BB1E /* Build configuration list for PBXNativeTarget "NumbersGenerator" */;
			buildPhases = (
				7CE2A8732DDA522D00E5BB1E /* Sources */,
				7CE2A8742DDA522D00E5BB1E /* Frameworks */,
				7CE2A8752DDA522D00E5BB1E /* Resources */,
			);
			buildRules = (
			);
			dependencies = (
			);
			fileSystemSynchronizedGroups = (
				7CE2A8792DDA522D00E5BB1E /* NumbersGenerator */,
			);
			name = NumbersGenerator;
			packageProductDependencies = (
			);
			productName = NumbersGenerator;
			productReference = 7CE2A8772DDA522D00E5BB1E /* NumbersGenerator.app */;
			productType = "com.apple.product-type.application";
		};
		7CE2A8832DDA523100E5BB1E /* NumbersGeneratorTests */ = {
			isa = PBXNativeTarget;
			buildConfigurationList = 7CE2A89B2DDA523100E5BB1E /* Build configuration list for PBXNativeTarget "NumbersGeneratorTests" */;
			buildPhases = (
				7CE2A8802DDA523100E5BB1E /* Sources */,
				7CE2A8812DDA523100E5BB1E /* Frameworks */,
				7CE2A8822DDA523100E5BB1E /* Resources */,
			);
			buildRules = (
			);
			dependencies = (
				7CE2A8862DDA523100E5BB1E /* PBXTargetDependency */,
			);
			name = NumbersGeneratorTests;
			packageProductDependencies = (
			);
			productName = NumbersGeneratorTests;
			productReference = 7CE2A8842DDA523100E5BB1E /* NumbersGeneratorTests.xctest */;
			productType = "com.apple.product-type.bundle.unit-test";
		};
		7CE2A88D2DDA523100E5BB1E /* NumbersGeneratorUITests */ = {
			isa = PBXNativeTarget;
			buildConfigurationList = 7CE2A89E2DDA523100E5BB1E /* Build configuration list for PBXNativeTarget "NumbersGeneratorUITests" */;
			buildPhases = (
				7CE2A88A2DDA523100E5BB1E /* Sources */,
				7CE2A88B2DDA523100E5BB1E /* Frameworks */,
				7CE2A88C2DDA523100E5BB1E /* Resources */,
			);
			buildRules = (
			);
			dependencies = (
				7CE2A8902DDA523100E5BB1E /* PBXTargetDependency */,
			);
			name = NumbersGeneratorUITests;
			packageProductDependencies = (
			);
			productName = NumbersGeneratorUITests;
			productReference = 7CE2A88E2DDA523100E5BB1E /* NumbersGeneratorUITests.xctest */;
			productType = "com.apple.product-type.bundle.ui-testing";
		};
/* End PBXNativeTarget section */

/* Begin PBXProject section */
		7CE2A86F2DDA522D00E5BB1E /* Project object */ = {
			isa = PBXProject;
			attributes = {
				BuildIndependentTargetsInParallel = 1;
				LastSwiftUpdateCheck = 1630;
				LastUpgradeCheck = 1630;
				TargetAttributes = {
					7CE2A8762DDA522D00E5BB1E = {
						CreatedOnToolsVersion = 16.3;
					};
					7CE2A8832DDA523100E5BB1E = {
						CreatedOnToolsVersion = 16.3;
						TestTargetID = 7CE2A8762DDA522D00E5BB1E;
					};
					7CE2A88D2DDA523100E5BB1E = {
						CreatedOnToolsVersion = 16.3;
						TestTargetID = 7CE2A8762DDA522D00E5BB1E;
					};
				};
			};
			buildConfigurationList = 7CE2A8722DDA522D00E5BB1E /* Build configuration list for PBXProject "NumbersGenerator" */;
			developmentRegion = en;
			hasScannedForEncodings = 0;
			knownRegions = (
				en,
				Base,
			);
			mainGroup = 7CE2A86E2DDA522D00E5BB1E;
			minimizedProjectReferenceProxies = 1;
			preferredProjectObjectVersion = 77;
			productRefGroup = 7CE2A8782DDA522D00E5BB1E /* Products */;
			projectDirPath = "";
			projectRoot = "";
			targets = (
				7CE2A8762DDA522D00E5BB1E /* NumbersGenerator */,
				7CE2A8832DDA523100E5BB1E /* NumbersGeneratorTests */,
				7CE2A88D2DDA523100E5BB1E /* NumbersGeneratorUITests */,
			);
		};
/* End PBXProject section */

/* Begin PBXResourcesBuildPhase section */
		7CE2A8752DDA522D00E5BB1E /* Resources */ = {
			isa = PBXResourcesBuildPhase;
			buildActionMask = 2147483647;
			files = (
				7CE2A8A22DDA527E00E5BB1E /* .gitignore in Resources */,
			);
			runOnlyForDeploymentPostprocessing = 0;
		};
		7CE2A8822DDA523100E5BB1E /* Resources */ = {
			isa = PBXResourcesBuildPhase;
			buildActionMask = 2147483647;
			files = (
			);
			runOnlyForDeploymentPostprocessing = 0;
		};
		7CE2A88C2DDA523100E5BB1E /* Resources */ = {
			isa = PBXResourcesBuildPhase;
			buildActionMask = 2147483647;
			files = (
			);
			runOnlyForDeploymentPostprocessing = 0;
		};
/* End PBXResourcesBuildPhase section */

/* Begin PBXSourcesBuildPhase section */
		7CE2A8732DDA522D00E5BB1E /* Sources */ = {
			isa = PBXSourcesBuildPhase;
			buildActionMask = 2147483647;
			files = (
			);
			runOnlyForDeploymentPostprocessing = 0;
		};
		7CE2A8802DDA523100E5BB1E /* Sources */ = {
			isa = PBXSourcesBuildPhase;
			buildActionMask = 2147483647;
			files = (
			);
			runOnlyForDeploymentPostprocessing = 0;
		};
		7CE2A88A2DDA523100E5BB1E /* Sources */ = {
			isa = PBXSourcesBuildPhase;
			buildActionMask = 2147483647;
			files = (
			);
			runOnlyForDeploymentPostprocessing = 0;
		};
/* End PBXSourcesBuildPhase section */

/* Begin PBXTargetDependency section */
		7CE2A8862DDA523100E5BB1E /* PBXTargetDependency */ = {
			isa = PBXTargetDependency;
			target = 7CE2A8762DDA522D00E5BB1E /* NumbersGenerator */;
			targetProxy = 7CE2A8852DDA523100E5BB1E /* PBXContainerItemProxy */;
		};
		7CE2A8902DDA523100E5BB1E /* PBXTargetDependency */ = {
			isa = PBXTargetDependency;
			target = 7CE2A8762DDA522D00E5BB1E /* NumbersGenerator */;
			targetProxy = 7CE2A88F2DDA523100E5BB1E /* PBXContainerItemProxy */;
		};
/* End PBXTargetDependency section */

/* Begin XCBuildConfiguration section */
		7CE2A8962DDA523100E5BB1E /* Debug */ = {
			isa = XCBuildConfiguration;
			buildSettings = {
				ALWAYS_SEARCH_USER_PATHS = NO;
				ASSETCATALOG_COMPILER_GENERATE_SWIFT_ASSET_SYMBOL_EXTENSIONS = YES;
				CLANG_ANALYZER_NONNULL = YES;
				CLANG_ANALYZER_NUMBER_OBJECT_CONVERSION = YES_AGGRESSIVE;
				CLANG_CXX_LANGUAGE_STANDARD = "gnu++20";
				CLANG_ENABLE_MODULES = YES;
				CLANG_ENABLE_OBJC_ARC = YES;
				CLANG_ENABLE_OBJC_WEAK = YES;
				CLANG_WARN_BLOCK_CAPTURE_AUTORELEASING = YES;
				CLANG_WARN_BOOL_CONVERSION = YES;
				CLANG_WARN_COMMA = YES;
				CLANG_WARN_CONSTANT_CONVERSION = YES;
				CLANG_WARN_DEPRECATED_OBJC_IMPLEMENTATIONS = YES;
				CLANG_WARN_DIRECT_OBJC_ISA_USAGE = YES_ERROR;
				CLANG_WARN_DOCUMENTATION_COMMENTS = YES;
				CLANG_WARN_EMPTY_BODY = YES;
				CLANG_WARN_ENUM_CONVERSION = YES;
				CLANG_WARN_INFINITE_RECURSION = YES;
				CLANG_WARN_INT_CONVERSION = YES;
				CLANG_WARN_NON_LITERAL_NULL_CONVERSION = YES;
				CLANG_WARN_OBJC_IMPLICIT_RETAIN_SELF = YES;
				CLANG_WARN_OBJC_LITERAL_CONVERSION = YES;
				CLANG_WARN_OBJC_ROOT_CLASS = YES_ERROR;
				CLANG_WARN_QUOTED_INCLUDE_IN_FRAMEWORK_HEADER = YES;
				CLANG_WARN_RANGE_LOOP_ANALYSIS = YES;
				CLANG_WARN_STRICT_PROTOTYPES = YES;
				CLANG_WARN_SUSPICIOUS_MOVE = YES;
				CLANG_WARN_UNGUARDED_AVAILABILITY = YES_AGGRESSIVE;
				CLANG_WARN_UNREACHABLE_CODE = YES;
				CLANG_WARN__DUPLICATE_METHOD_MATCH = YES;
				COPY_PHASE_STRIP = NO;
				DEBUG_INFORMATION_FORMAT = dwarf;
				DEVELOPMENT_TEAM = 243GUG75DN;
				ENABLE_STRICT_OBJC_MSGSEND = YES;
				ENABLE_TESTABILITY = YES;
				ENABLE_USER_SCRIPT_SANDBOXING = YES;
				GCC_C_LANGUAGE_STANDARD = gnu17;
				GCC_DYNAMIC_NO_PIC = NO;
				GCC_NO_COMMON_BLOCKS = YES;
				GCC_OPTIMIZATION_LEVEL = 0;
				GCC_PREPROCESSOR_DEFINITIONS = (
					"DEBUG=1",
					"$(inherited)",
				);
				GCC_WARN_64_TO_32_BIT_CONVERSION = YES;
				GCC_WARN_ABOUT_RETURN_TYPE = YES_ERROR;
				GCC_WARN_UNDECLARED_SELECTOR = YES;
				GCC_WARN_UNINITIALIZED_AUTOS = YES_AGGRESSIVE;
				GCC_WARN_UNUSED_FUNCTION = YES;
				GCC_WARN_UNUSED_VARIABLE = YES;
				IPHONEOS_DEPLOYMENT_TARGET = 18.4;
				LOCALIZATION_PREFERS_STRING_CATALOGS = YES;
				MTL_ENABLE_DEBUG_INFO = INCLUDE_SOURCE;
				MTL_FAST_MATH = YES;
				ONLY_ACTIVE_ARCH = YES;
				SDKROOT = iphoneos;
				SWIFT_ACTIVE_COMPILATION_CONDITIONS = "DEBUG $(inherited)";
				SWIFT_OPTIMIZATION_LEVEL = "-Onone";
			};
			name = Debug;
		};
		7CE2A8972DDA523100E5BB1E /* Release */ = {
			isa = XCBuildConfiguration;
			buildSettings = {
				ALWAYS_SEARCH_USER_PATHS = NO;
				ASSETCATALOG_COMPILER_GENERATE_SWIFT_ASSET_SYMBOL_EXTENSIONS = YES;
				CLANG_ANALYZER_NONNULL = YES;
				CLANG_ANALYZER_NUMBER_OBJECT_CONVERSION = YES_AGGRESSIVE;
				CLANG_CXX_LANGUAGE_STANDARD = "gnu++20";
				CLANG_ENABLE_MODULES = YES;
				CLANG_ENABLE_OBJC_ARC = YES;
				CLANG_ENABLE_OBJC_WEAK = YES;
				CLANG_WARN_BLOCK_CAPTURE_AUTORELEASING = YES;
				CLANG_WARN_BOOL_CONVERSION = YES;
				CLANG_WARN_COMMA = YES;
				CLANG_WARN_CONSTANT_CONVERSION = YES;
				CLANG_WARN_DEPRECATED_OBJC_IMPLEMENTATIONS = YES;
				CLANG_WARN_DIRECT_OBJC_ISA_USAGE = YES_ERROR;
				CLANG_WARN_DOCUMENTATION_COMMENTS = YES;
				CLANG_WARN_EMPTY_BODY = YES;
				CLANG_WARN_ENUM_CONVERSION = YES;
				CLANG_WARN_INFINITE_RECURSION = YES;
				CLANG_WARN_INT_CONVERSION = YES;
				CLANG_WARN_NON_LITERAL_NULL_CONVERSION = YES;
				CLANG_WARN_OBJC_IMPLICIT_RETAIN_SELF = YES;
				CLANG_WARN_OBJC_LITERAL_CONVERSION = YES;
				CLANG_WARN_OBJC_ROOT_CLASS = YES_ERROR;
				CLANG_WARN_QUOTED_INCLUDE_IN_FRAMEWORK_HEADER = YES;
				CLANG_WARN_RANGE_LOOP_ANALYSIS = YES;
				CLANG_WARN_STRICT_PROTOTYPES = YES;
				CLANG_WARN_SUSPICIOUS_MOVE = YES;
				CLANG_WARN_UNGUARDED_AVAILABILITY = YES_AGGRESSIVE;
				CLANG_WARN_UNREACHABLE_CODE = YES;
				CLANG_WARN__DUPLICATE_METHOD_MATCH = YES;
				COPY_PHASE_STRIP = NO;
				DEBUG_INFORMATION_FORMAT = "dwarf-with-dsym";
				DEVELOPMENT_TEAM = 243GUG75DN;
				ENABLE_NS_ASSERTIONS = NO;
				ENABLE_STRICT_OBJC_MSGSEND = YES;
				ENABLE_USER_SCRIPT_SANDBOXING = YES;
				GCC_C_LANGUAGE_STANDARD = gnu17;
				GCC_NO_COMMON_BLOCKS = YES;
				GCC_WARN_64_TO_32_BIT_CONVERSION = YES;
				GCC_WARN_ABOUT_RETURN_TYPE = YES_ERROR;
				GCC_WARN_UNDECLARED_SELECTOR = YES;
				GCC_WARN_UNINITIALIZED_AUTOS = YES_AGGRESSIVE;
				GCC_WARN_UNUSED_FUNCTION = YES;
				GCC_WARN_UNUSED_VARIABLE = YES;
				IPHONEOS_DEPLOYMENT_TARGET = 18.4;
				LOCALIZATION_PREFERS_STRING_CATALOGS = YES;
				MTL_ENABLE_DEBUG_INFO = NO;
				MTL_FAST_MATH = YES;
				SDKROOT = iphoneos;
				SWIFT_COMPILATION_MODE = wholemodule;
				VALIDATE_PRODUCT = YES;
			};
			name = Release;
		};
		7CE2A8992DDA523100E5BB1E /* Debug */ = {
			isa = XCBuildConfiguration;
			buildSettings = {
				ASSETCATALOG_COMPILER_APPICON_NAME = AppIcon;
				ASSETCATALOG_COMPILER_GLOBAL_ACCENT_COLOR_NAME = AccentColor;
				CODE_SIGN_STYLE = Automatic;
				CURRENT_PROJECT_VERSION = 1;
				DEVELOPMENT_TEAM = 243GUG75DN;
				ENABLE_PREVIEWS = YES;
				GENERATE_INFOPLIST_FILE = YES;
				INFOPLIST_KEY_UIApplicationSceneManifest_Generation = YES;
				INFOPLIST_KEY_UIApplicationSupportsIndirectInputEvents = YES;
				INFOPLIST_KEY_UILaunchScreen_Generation = YES;
				INFOPLIST_KEY_UISupportedInterfaceOrientations_iPad = "UIInterfaceOrientationPortrait UIInterfaceOrientationPortraitUpsideDown UIInterfaceOrientationLandscapeLeft UIInterfaceOrientationLandscapeRight";
				INFOPLIST_KEY_UISupportedInterfaceOrientations_iPhone = "UIInterfaceOrientationPortrait UIInterfaceOrientationLandscapeLeft UIInterfaceOrientationLandscapeRight";
				LD_RUNPATH_SEARCH_PATHS = (
					"$(inherited)",
					"@executable_path/Frameworks",
				);
				MARKETING_VERSION = 1.0;
				PRODUCT_BUNDLE_IDENTIFIER = sashaSergeeva.NumbersGenerator;
				PRODUCT_NAME = "$(TARGET_NAME)";
				SWIFT_EMIT_LOC_STRINGS = YES;
				SWIFT_VERSION = 5.0;
				TARGETED_DEVICE_FAMILY = "1,2";
			};
			name = Debug;
		};
		7CE2A89A2DDA523100E5BB1E /* Release */ = {
			isa = XCBuildConfiguration;
			buildSettings = {
				ASSETCATALOG_COMPILER_APPICON_NAME = AppIcon;
				ASSETCATALOG_COMPILER_GLOBAL_ACCENT_COLOR_NAME = AccentColor;
				CODE_SIGN_STYLE = Automatic;
				CURRENT_PROJECT_VERSION = 1;
				DEVELOPMENT_TEAM = 243GUG75DN;
				ENABLE_PREVIEWS = YES;
				GENERATE_INFOPLIST_FILE = YES;
				INFOPLIST_KEY_UIApplicationSceneManifest_Generation = YES;
				INFOPLIST_KEY_UIApplicationSupportsIndirectInputEvents = YES;
				INFOPLIST_KEY_UILaunchScreen_Generation = YES;
				INFOPLIST_KEY_UISupportedInterfaceOrientations_iPad = "UIInterfaceOrientationPortrait UIInterfaceOrientationPortraitUpsideDown UIInterfaceOrientationLandscapeLeft UIInterfaceOrientationLandscapeRight";
				INFOPLIST_KEY_UISupportedInterfaceOrientations_iPhone = "UIInterfaceOrientationPortrait UIInterfaceOrientationLandscapeLeft UIInterfaceOrientationLandscapeRight";
				LD_RUNPATH_SEARCH_PATHS = (
					"$(inherited)",
					"@executable_path/Frameworks",
				);
				MARKETING_VERSION = 1.0;
				PRODUCT_BUNDLE_IDENTIFIER = sashaSergeeva.NumbersGenerator;
				PRODUCT_NAME = "$(TARGET_NAME)";
				SWIFT_EMIT_LOC_STRINGS = YES;
				SWIFT_VERSION = 5.0;
				TARGETED_DEVICE_FAMILY = "1,2";
			};
			name = Release;
		};
		7CE2A89C2DDA523100E5BB1E /* Debug */ = {
			isa = XCBuildConfiguration;
			buildSettings = {
				BUNDLE_LOADER = "$(TEST_HOST)";
				CODE_SIGN_STYLE = Automatic;
				CURRENT_PROJECT_VERSION = 1;
				DEVELOPMENT_TEAM = 243GUG75DN;
				GENERATE_INFOPLIST_FILE = YES;
				IPHONEOS_DEPLOYMENT_TARGET = 18.4;
				MARKETING_VERSION = 1.0;
				PRODUCT_BUNDLE_IDENTIFIER = sashaSergeeva.NumbersGeneratorTests;
				PRODUCT_NAME = "$(TARGET_NAME)";
				SWIFT_EMIT_LOC_STRINGS = NO;
				SWIFT_VERSION = 5.0;
				TARGETED_DEVICE_FAMILY = "1,2";
				TEST_HOST = "$(BUILT_PRODUCTS_DIR)/NumbersGenerator.app/$(BUNDLE_EXECUTABLE_FOLDER_PATH)/NumbersGenerator";
			};
			name = Debug;
		};
		7CE2A89D2DDA523100E5BB1E /* Release */ = {
			isa = XCBuildConfiguration;
			buildSettings = {
				BUNDLE_LOADER = "$(TEST_HOST)";
				CODE_SIGN_STYLE = Automatic;
				CURRENT_PROJECT_VERSION = 1;
				DEVELOPMENT_TEAM = 243GUG75DN;
				GENERATE_INFOPLIST_FILE = YES;
				IPHONEOS_DEPLOYMENT_TARGET = 18.4;
				MARKETING_VERSION = 1.0;
				PRODUCT_BUNDLE_IDENTIFIER = sashaSergeeva.NumbersGeneratorTests;
				PRODUCT_NAME = "$(TARGET_NAME)";
				SWIFT_EMIT_LOC_STRINGS = NO;
				SWIFT_VERSION = 5.0;
				TARGETED_DEVICE_FAMILY = "1,2";
				TEST_HOST = "$(BUILT_PRODUCTS_DIR)/NumbersGenerator.app/$(BUNDLE_EXECUTABLE_FOLDER_PATH)/NumbersGenerator";
			};
			name = Release;
		};
		7CE2A89F2DDA523100E5BB1E /* Debug */ = {
			isa = XCBuildConfiguration;
			buildSettings = {
				CODE_SIGN_STYLE = Automatic;
				CURRENT_PROJECT_VERSION = 1;
				DEVELOPMENT_TEAM = 243GUG75DN;
				GENERATE_INFOPLIST_FILE = YES;
				MARKETING_VERSION = 1.0;
				PRODUCT_BUNDLE_IDENTIFIER = sashaSergeeva.NumbersGeneratorUITests;
				PRODUCT_NAME = "$(TARGET_NAME)";
				SWIFT_EMIT_LOC_STRINGS = NO;
				SWIFT_VERSION = 5.0;
				TARGETED_DEVICE_FAMILY = "1,2";
				TEST_TARGET_NAME = NumbersGenerator;
			};
			name = Debug;
		};
		7CE2A8A02DDA523100E5BB1E /* Release */ = {
			isa = XCBuildConfiguration;
			buildSettings = {
				CODE_SIGN_STYLE = Automatic;
				CURRENT_PROJECT_VERSION = 1;
				DEVELOPMENT_TEAM = 243GUG75DN;
				GENERATE_INFOPLIST_FILE = YES;
				MARKETING_VERSION = 1.0;
				PRODUCT_BUNDLE_IDENTIFIER = sashaSergeeva.NumbersGeneratorUITests;
				PRODUCT_NAME = "$(TARGET_NAME)";
				SWIFT_EMIT_LOC_STRINGS = NO;
				SWIFT_VERSION = 5.0;
				TARGETED_DEVICE_FAMILY = "1,2";
				TEST_TARGET_NAME = NumbersGenerator;
			};
			name = Release;
		};
/* End XCBuildConfiguration section */

/* Begin XCConfigurationList section */
		7CE2A8722DDA522D00E5BB1E /* Build configuration list for PBXProject "NumbersGenerator" */ = {
			isa = XCConfigurationList;
			buildConfigurations = (
				7CE2A8962DDA523100E5BB1E /* Debug */,
				7CE2A8972DDA523100E5BB1E /* Release */,
			);
			defaultConfigurationIsVisible = 0;
			defaultConfigurationName = Release;
		};
		7CE2A8982DDA523100E5BB1E /* Build configuration list for PBXNativeTarget "NumbersGenerator" */ = {
			isa = XCConfigurationList;
			buildConfigurations = (
				7CE2A8992DDA523100E5BB1E /* Debug */,
				7CE2A89A2DDA523100E5BB1E /* Release */,
			);
			defaultConfigurationIsVisible = 0;
			defaultConfigurationName = Release;
		};
		7CE2A89B2DDA523100E5BB1E /* Build configuration list for PBXNativeTarget "NumbersGeneratorTests" */ = {
			isa = XCConfigurationList;
			buildConfigurations = (
				7CE2A89C2DDA523100E5BB1E /* Debug */,
				7CE2A89D2DDA523100E5BB1E /* Release */,
			);
			defaultConfigurationIsVisible = 0;
			defaultConfigurationName = Release;
		};
		7CE2A89E2DDA523100E5BB1E /* Build configuration list for PBXNativeTarget "NumbersGeneratorUITests" */ = {
			isa = XCConfigurationList;
			buildConfigurations = (
				7CE2A89F2DDA523100E5BB1E /* Debug */,
				7CE2A8A02DDA523100E5BB1E /* Release */,
			);
			defaultConfigurationIsVisible = 0;
			defaultConfigurationName = Release;
		};
/* End XCConfigurationList section */
	};
	rootObject = 7CE2A86F2DDA522D00E5BB1E /* Project object */;
}
